
Microsoft Visual Studio Solution File, Format Version 12.00
# Visual Studio Version 17
VisualStudioVersion = 17.10.35013.160
MinimumVisualStudioVersion = 10.0.40219.1
Project("{2150E333-8FDC-42A3-9474-1A3956D46DE8}") = "FrontEnd", "FrontEnd", "{C0E7EA45-75F3-4593-8385-13E851A25643}"
EndProject
Project("{2150E333-8FDC-42A3-9474-1A3956D46DE8}") = "Gateway", "Gateway", "{93DC0C12-5E82-4179-95C7-816DBE7640D7}"
EndProject
Project("{2150E333-8FDC-42A3-9474-1A3956D46DE8}") = "Integration", "Integration", "{B657C8B6-2308-4A76-9B87-F2DE8D9D6602}"
EndProject
Project("{2150E333-8FDC-42A3-9474-1A3956D46DE8}") = "Services", "Services", "{B6A5448C-92CC-4BE5-B7FE-C3683D77A632}"
EndProject
Project("{9A19103F-16F7-4668-BE54-9A1E7A4F7556}") = "Mango.Services.CouponAPI", "Mango.Services.CouponAPI\Mango.Services.CouponAPI.csproj", "{88B466A9-9340-42D5-9897-80A8962F73B3}"
EndProject
Project("{9A19103F-16F7-4668-BE54-9A1E7A4F7556}") = "Mongo.Web", "Mongo.Web\Mongo.Web.csproj", "{726BA6ED-8C1B-4C6F-AE03-86BD7ECE72D2}"
EndProject
Project("{9A19103F-16F7-4668-BE54-9A1E7A4F7556}") = "Mongo.Services.AuthAPI", "Mongo.Services.AuthAPI\Mongo.Services.AuthAPI.csproj", "{FB3E055F-147C-48D2-8CEB-EDFABD654268}"
EndProject
Project("{2150E333-8FDC-42A3-9474-1A3956D46DE8}") = "Solution Items", "Solution Items", "{C01A179D-272F-4218-826C-297B14E07CC4}"
	ProjectSection(SolutionItems) = preProject
		.editorconfig = .editorconfig
	EndProjectSection
EndProject
Global
	GlobalSection(SolutionConfigurationPlatforms) = preSolution
		Debug|Any CPU = Debug|Any CPU
		Release|Any CPU = Release|Any CPU
	EndGlobalSection
	GlobalSection(ProjectConfigurationPlatforms) = postSolution
		{88B466A9-9340-42D5-9897-80A8962F73B3}.Debug|Any CPU.ActiveCfg = Debug|Any CPU
		{88B466A9-9340-42D5-9897-80A8962F73B3}.Debug|Any CPU.Build.0 = Debug|Any CPU
		{88B466A9-9340-42D5-9897-80A8962F73B3}.Release|Any CPU.ActiveCfg = Release|Any CPU
		{88B466A9-9340-42D5-9897-80A8962F73B3}.Release|Any CPU.Build.0 = Release|Any CPU
		{726BA6ED-8C1B-4C6F-AE03-86BD7ECE72D2}.Debug|Any CPU.ActiveCfg = Debug|Any CPU
		{726BA6ED-8C1B-4C6F-AE03-86BD7ECE72D2}.Debug|Any CPU.Build.0 = Debug|Any CPU
		{726BA6ED-8C1B-4C6F-AE03-86BD7ECE72D2}.Release|Any CPU.ActiveCfg = Release|Any CPU
		{726BA6ED-8C1B-4C6F-AE03-86BD7ECE72D2}.Release|Any CPU.Build.0 = Release|Any CPU
		{FB3E055F-147C-48D2-8CEB-EDFABD654268}.Debug|Any CPU.ActiveCfg = Debug|Any CPU
		{FB3E055F-147C-48D2-8CEB-EDFABD654268}.Debug|Any CPU.Build.0 = Debug|Any CPU
		{FB3E055F-147C-48D2-8CEB-EDFABD654268}.Release|Any CPU.ActiveCfg = Release|Any CPU
		{FB3E055F-147C-48D2-8CEB-EDFABD654268}.Release|Any CPU.Build.0 = Release|Any CPU
	EndGlobalSection
	GlobalSection(SolutionProperties) = preSolution
		HideSolutionNode = FALSE
	EndGlobalSection
	GlobalSection(NestedProjects) = preSolution
		{88B466A9-9340-42D5-9897-80A8962F73B3} = {B6A5448C-92CC-4BE5-B7FE-C3683D77A632}
		{726BA6ED-8C1B-4C6F-AE03-86BD7ECE72D2} = {C0E7EA45-75F3-4593-8385-13E851A25643}
		{FB3E055F-147C-48D2-8CEB-EDFABD654268} = {B6A5448C-92CC-4BE5-B7FE-C3683D77A632}
	EndGlobalSection
	GlobalSection(ExtensibilityGlobals) = postSolution
		SolutionGuid = {C80DDB76-5689-4368-AB84-B4FA36A1196B}
	EndGlobalSection
EndGlobal
